
Microsoft Visual Studio Solution File, Format Version 12.00
# Visual Studio Version 17
Project("{8BC9CEB8-8B4A-11D0-8D11-00A0C91BC942}") = "ALL_BUILD", "ALL_BUILD.vcxproj", "{99C18ADA-291B-39C6-A550-8E98F90207FA}"
	ProjectSection(ProjectDependencies) = postProject
		{7983022D-9AD7-36BF-BE47-51184BCA7002} = {7983022D-9AD7-36BF-BE47-51184BCA7002}
		{D5E00F0A-BB86-325E-83A5-66C78037C7B1} = {D5E00F0A-BB86-325E-83A5-66C78037C7B1}
		{FCAF8D82-19CA-3561-BEBA-6856C93EF258} = {FCAF8D82-19CA-3561-BEBA-6856C93EF258}
		{E4E99D5F-BC7E-3108-B652-9ABBE956A44D} = {E4E99D5F-BC7E-3108-B652-9ABBE956A44D}
		{5637C85A-7E43-3CB8-97C2-321F5DD5E28C} = {5637C85A-7E43-3CB8-97C2-321F5DD5E28C}
		{6604B44B-2A42-3D25-AF65-84DAAAAFBC3D} = {6604B44B-2A42-3D25-AF65-84DAAAAFBC3D}
		{9D4BC224-D90F-3D18-B0A0-917D6ED3CEFB} = {9D4BC224-D90F-3D18-B0A0-917D6ED3CEFB}
		{91B07D20-5898-3C2C-B8ED-0CCF421741DD} = {91B07D20-5898-3C2C-B8ED-0CCF421741DD}
	EndProjectSection
EndProject
Project("{8BC9CEB8-8B4A-11D0-8D11-00A0C91BC942}") = "INSTALL", "INSTALL.vcxproj", "{67504B9E-0A89-3D7C-B0F5-1A929C1DDB21}"
	ProjectSection(ProjectDependencies) = postProject
		{99C18ADA-291B-39C6-A550-8E98F90207FA} = {99C18ADA-291B-39C6-A550-8E98F90207FA}
		{7983022D-9AD7-36BF-BE47-51184BCA7002} = {7983022D-9AD7-36BF-BE47-51184BCA7002}
	EndProjectSection
EndProject
Project("{8BC9CEB8-8B4A-11D0-8D11-00A0C91BC942}") = "ZERO_CHECK", "ZERO_CHECK.vcxproj", "{7983022D-9AD7-36BF-BE47-51184BCA7002}"
	ProjectSection(ProjectDependencies) = postProject
	EndProjectSection
EndProject
Project("{8BC9CEB8-8B4A-11D0-8D11-00A0C91BC942}") = "desktop_multi_window_plugin", "plugins\desktop_multi_window\desktop_multi_window_plugin.vcxproj", "{D5E00F0A-BB86-325E-83A5-66C78037C7B1}"
	ProjectSection(ProjectDependencies) = postProject
		{7983022D-9AD7-36BF-BE47-51184BCA7002} = {7983022D-9AD7-36BF-BE47-51184BCA7002}
		{065D6EF8-5117-37DC-B59E-AA5A05F3392B} = {065D6EF8-5117-37DC-B59E-AA5A05F3392B}
		{E4E99D5F-BC7E-3108-B652-9ABBE956A44D} = {E4E99D5F-BC7E-3108-B652-9ABBE956A44D}
		{5637C85A-7E43-3CB8-97C2-321F5DD5E28C} = {5637C85A-7E43-3CB8-97C2-321F5DD5E28C}
	EndProjectSection
EndProject
Project("{8BC9CEB8-8B4A-11D0-8D11-00A0C91BC942}") = "file_selector_windows_plugin", "plugins\file_selector_windows\file_selector_windows_plugin.vcxproj", "{FCAF8D82-19CA-3561-BEBA-6856C93EF258}"
	ProjectSection(ProjectDependencies) = postProject
		{7983022D-9AD7-36BF-BE47-51184BCA7002} = {7983022D-9AD7-36BF-BE47-51184BCA7002}
		{065D6EF8-5117-37DC-B59E-AA5A05F3392B} = {065D6EF8-5117-37DC-B59E-AA5A05F3392B}
		{5637C85A-7E43-3CB8-97C2-321F5DD5E28C} = {5637C85A-7E43-3CB8-97C2-321F5DD5E28C}
	EndProjectSection
EndProject
Project("{8BC9CEB8-8B4A-11D0-8D11-00A0C91BC942}") = "flutter_assemble", "flutter\flutter_assemble.vcxproj", "{065D6EF8-5117-37DC-B59E-AA5A05F3392B}"
	ProjectSection(ProjectDependencies) = postProject
		{7983022D-9AD7-36BF-BE47-51184BCA7002} = {7983022D-9AD7-36BF-BE47-51184BCA7002}
	EndProjectSection
EndProject
Project("{8BC9CEB8-8B4A-11D0-8D11-00A0C91BC942}") = "flutter_wrapper_app", "flutter\flutter_wrapper_app.vcxproj", "{E4E99D5F-BC7E-3108-B652-9ABBE956A44D}"
	ProjectSection(ProjectDependencies) = postProject
		{7983022D-9AD7-36BF-BE47-51184BCA7002} = {7983022D-9AD7-36BF-BE47-51184BCA7002}
		{065D6EF8-5117-37DC-B59E-AA5A05F3392B} = {065D6EF8-5117-37DC-B59E-AA5A05F3392B}
	EndProjectSection
EndProject
Project("{8BC9CEB8-8B4A-11D0-8D11-00A0C91BC942}") = "flutter_wrapper_plugin", "flutter\flutter_wrapper_plugin.vcxproj", "{5637C85A-7E43-3CB8-97C2-321F5DD5E28C}"
	ProjectSection(ProjectDependencies) = postProject
		{7983022D-9AD7-36BF-BE47-51184BCA7002} = {7983022D-9AD7-36BF-BE47-51184BCA7002}
		{065D6EF8-5117-37DC-B59E-AA5A05F3392B} = {065D6EF8-5117-37DC-B59E-AA5A05F3392B}
	EndProjectSection
EndProject
Project("{8BC9CEB8-8B4A-11D0-8D11-00A0C91BC942}") = "media_kit_libs_windows_video_plugin", "plugins\media_kit_libs_windows_video\media_kit_libs_windows_video_plugin.vcxproj", "{6604B44B-2A42-3D25-AF65-84DAAAAFBC3D}"
	ProjectSection(ProjectDependencies) = postProject
		{7983022D-9AD7-36BF-BE47-51184BCA7002} = {7983022D-9AD7-36BF-BE47-51184BCA7002}
		{065D6EF8-5117-37DC-B59E-AA5A05F3392B} = {065D6EF8-5117-37DC-B59E-AA5A05F3392B}
		{5637C85A-7E43-3CB8-97C2-321F5DD5E28C} = {5637C85A-7E43-3CB8-97C2-321F5DD5E28C}
	EndProjectSection
EndProject
Project("{8BC9CEB8-8B4A-11D0-8D11-00A0C91BC942}") = "media_kit_video_plugin", "plugins\media_kit_video\media_kit_video_plugin.vcxproj", "{9D4BC224-D90F-3D18-B0A0-917D6ED3CEFB}"
	ProjectSection(ProjectDependencies) = postProject
		{7983022D-9AD7-36BF-BE47-51184BCA7002} = {7983022D-9AD7-36BF-BE47-51184BCA7002}
		{065D6EF8-5117-37DC-B59E-AA5A05F3392B} = {065D6EF8-5117-37DC-B59E-AA5A05F3392B}
		{5637C85A-7E43-3CB8-97C2-321F5DD5E28C} = {5637C85A-7E43-3CB8-97C2-321F5DD5E28C}
	EndProjectSection
EndProject
Project("{8BC9CEB8-8B4A-11D0-8D11-00A0C91BC942}") = "safety_ai_monitor_ui", "runner\safety_ai_monitor_ui.vcxproj", "{91B07D20-5898-3C2C-B8ED-0CCF421741DD}"
	ProjectSection(ProjectDependencies) = postProject
		{7983022D-9AD7-36BF-BE47-51184BCA7002} = {7983022D-9AD7-36BF-BE47-51184BCA7002}
		{D5E00F0A-BB86-325E-83A5-66C78037C7B1} = {D5E00F0A-BB86-325E-83A5-66C78037C7B1}
		{FCAF8D82-19CA-3561-BEBA-6856C93EF258} = {FCAF8D82-19CA-3561-BEBA-6856C93EF258}
		{065D6EF8-5117-37DC-B59E-AA5A05F3392B} = {065D6EF8-5117-37DC-B59E-AA5A05F3392B}
		{E4E99D5F-BC7E-3108-B652-9ABBE956A44D} = {E4E99D5F-BC7E-3108-B652-9ABBE956A44D}
		{6604B44B-2A42-3D25-AF65-84DAAAAFBC3D} = {6604B44B-2A42-3D25-AF65-84DAAAAFBC3D}
		{9D4BC224-D90F-3D18-B0A0-917D6ED3CEFB} = {9D4BC224-D90F-3D18-B0A0-917D6ED3CEFB}
	EndProjectSection
EndProject
Global
	GlobalSection(SolutionConfigurationPlatforms) = preSolution
		Debug|x64 = Debug|x64
		Profile|x64 = Profile|x64
		Release|x64 = Release|x64
	EndGlobalSection
	GlobalSection(ProjectConfigurationPlatforms) = postSolution
		{99C18ADA-291B-39C6-A550-8E98F90207FA}.Debug|x64.ActiveCfg = Debug|x64
		{99C18ADA-291B-39C6-A550-8E98F90207FA}.Debug|x64.Build.0 = Debug|x64
		{99C18ADA-291B-39C6-A550-8E98F90207FA}.Profile|x64.ActiveCfg = Profile|x64
		{99C18ADA-291B-39C6-A550-8E98F90207FA}.Profile|x64.Build.0 = Profile|x64
		{99C18ADA-291B-39C6-A550-8E98F90207FA}.Release|x64.ActiveCfg = Release|x64
		{99C18ADA-291B-39C6-A550-8E98F90207FA}.Release|x64.Build.0 = Release|x64
		{67504B9E-0A89-3D7C-B0F5-1A929C1DDB21}.Debug|x64.ActiveCfg = Debug|x64
		{67504B9E-0A89-3D7C-B0F5-1A929C1DDB21}.Debug|x64.Build.0 = Debug|x64
		{67504B9E-0A89-3D7C-B0F5-1A929C1DDB21}.Profile|x64.ActiveCfg = Profile|x64
		{67504B9E-0A89-3D7C-B0F5-1A929C1DDB21}.Profile|x64.Build.0 = Profile|x64
		{67504B9E-0A89-3D7C-B0F5-1A929C1DDB21}.Release|x64.ActiveCfg = Release|x64
		{67504B9E-0A89-3D7C-B0F5-1A929C1DDB21}.Release|x64.Build.0 = Release|x64
		{7983022D-9AD7-36BF-BE47-51184BCA7002}.Debug|x64.ActiveCfg = Debug|x64
		{7983022D-9AD7-36BF-BE47-51184BCA7002}.Debug|x64.Build.0 = Debug|x64
		{7983022D-9AD7-36BF-BE47-51184BCA7002}.Profile|x64.ActiveCfg = Profile|x64
		{7983022D-9AD7-36BF-BE47-51184BCA7002}.Profile|x64.Build.0 = Profile|x64
		{7983022D-9AD7-36BF-BE47-51184BCA7002}.Release|x64.ActiveCfg = Release|x64
		{7983022D-9AD7-36BF-BE47-51184BCA7002}.Release|x64.Build.0 = Release|x64
		{D5E00F0A-BB86-325E-83A5-66C78037C7B1}.Debug|x64.ActiveCfg = Debug|x64
		{D5E00F0A-BB86-325E-83A5-66C78037C7B1}.Debug|x64.Build.0 = Debug|x64
		{D5E00F0A-BB86-325E-83A5-66C78037C7B1}.Profile|x64.ActiveCfg = Profile|x64
		{D5E00F0A-BB86-325E-83A5-66C78037C7B1}.Profile|x64.Build.0 = Profile|x64
		{D5E00F0A-BB86-325E-83A5-66C78037C7B1}.Release|x64.ActiveCfg = Release|x64
		{D5E00F0A-BB86-325E-83A5-66C78037C7B1}.Release|x64.Build.0 = Release|x64
		{FCAF8D82-19CA-3561-BEBA-6856C93EF258}.Debug|x64.ActiveCfg = Debug|x64
		{FCAF8D82-19CA-3561-BEBA-6856C93EF258}.Debug|x64.Build.0 = Debug|x64
		{FCAF8D82-19CA-3561-BEBA-6856C93EF258}.Profile|x64.ActiveCfg = Profile|x64
		{FCAF8D82-19CA-3561-BEBA-6856C93EF258}.Profile|x64.Build.0 = Profile|x64
		{FCAF8D82-19CA-3561-BEBA-6856C93EF258}.Release|x64.ActiveCfg = Release|x64
		{FCAF8D82-19CA-3561-BEBA-6856C93EF258}.Release|x64.Build.0 = Release|x64
		{065D6EF8-5117-37DC-B59E-AA5A05F3392B}.Debug|x64.ActiveCfg = Debug|x64
		{065D6EF8-5117-37DC-B59E-AA5A05F3392B}.Debug|x64.Build.0 = Debug|x64
		{065D6EF8-5117-37DC-B59E-AA5A05F3392B}.Profile|x64.ActiveCfg = Profile|x64
		{065D6EF8-5117-37DC-B59E-AA5A05F3392B}.Profile|x64.Build.0 = Profile|x64
		{065D6EF8-5117-37DC-B59E-AA5A05F3392B}.Release|x64.ActiveCfg = Release|x64
		{065D6EF8-5117-37DC-B59E-AA5A05F3392B}.Release|x64.Build.0 = Release|x64
		{E4E99D5F-BC7E-3108-B652-9ABBE956A44D}.Debug|x64.ActiveCfg = Debug|x64
		{E4E99D5F-BC7E-3108-B652-9ABBE956A44D}.Debug|x64.Build.0 = Debug|x64
		{E4E99D5F-BC7E-3108-B652-9ABBE956A44D}.Profile|x64.ActiveCfg = Profile|x64
		{E4E99D5F-BC7E-3108-B652-9ABBE956A44D}.Profile|x64.Build.0 = Profile|x64
		{E4E99D5F-BC7E-3108-B652-9ABBE956A44D}.Release|x64.ActiveCfg = Release|x64
		{E4E99D5F-BC7E-3108-B652-9ABBE956A44D}.Release|x64.Build.0 = Release|x64
		{5637C85A-7E43-3CB8-97C2-321F5DD5E28C}.Debug|x64.ActiveCfg = Debug|x64
		{5637C85A-7E43-3CB8-97C2-321F5DD5E28C}.Debug|x64.Build.0 = Debug|x64
		{5637C85A-7E43-3CB8-97C2-321F5DD5E28C}.Profile|x64.ActiveCfg = Profile|x64
		{5637C85A-7E43-3CB8-97C2-321F5DD5E28C}.Profile|x64.Build.0 = Profile|x64
		{5637C85A-7E43-3CB8-97C2-321F5DD5E28C}.Release|x64.ActiveCfg = Release|x64
		{5637C85A-7E43-3CB8-97C2-321F5DD5E28C}.Release|x64.Build.0 = Release|x64
		{6604B44B-2A42-3D25-AF65-84DAAAAFBC3D}.Debug|x64.ActiveCfg = Debug|x64
		{6604B44B-2A42-3D25-AF65-84DAAAAFBC3D}.Debug|x64.Build.0 = Debug|x64
		{6604B44B-2A42-3D25-AF65-84DAAAAFBC3D}.Profile|x64.ActiveCfg = Profile|x64
		{6604B44B-2A42-3D25-AF65-84DAAAAFBC3D}.Profile|x64.Build.0 = Profile|x64
		{6604B44B-2A42-3D25-AF65-84DAAAAFBC3D}.Release|x64.ActiveCfg = Release|x64
		{6604B44B-2A42-3D25-AF65-84DAAAAFBC3D}.Release|x64.Build.0 = Release|x64
		{9D4BC224-D90F-3D18-B0A0-917D6ED3CEFB}.Debug|x64.ActiveCfg = Debug|x64
		{9D4BC224-D90F-3D18-B0A0-917D6ED3CEFB}.Debug|x64.Build.0 = Debug|x64
		{9D4BC224-D90F-3D18-B0A0-917D6ED3CEFB}.Profile|x64.ActiveCfg = Profile|x64
		{9D4BC224-D90F-3D18-B0A0-917D6ED3CEFB}.Profile|x64.Build.0 = Profile|x64
		{9D4BC224-D90F-3D18-B0A0-917D6ED3CEFB}.Release|x64.ActiveCfg = Release|x64
		{9D4BC224-D90F-3D18-B0A0-917D6ED3CEFB}.Release|x64.Build.0 = Release|x64
		{91B07D20-5898-3C2C-B8ED-0CCF421741DD}.Debug|x64.ActiveCfg = Debug|x64
		{91B07D20-5898-3C2C-B8ED-0CCF421741DD}.Debug|x64.Build.0 = Debug|x64
		{91B07D20-5898-3C2C-B8ED-0CCF421741DD}.Profile|x64.ActiveCfg = Profile|x64
		{91B07D20-5898-3C2C-B8ED-0CCF421741DD}.Profile|x64.Build.0 = Profile|x64
		{91B07D20-5898-3C2C-B8ED-0CCF421741DD}.Release|x64.ActiveCfg = Release|x64
		{91B07D20-5898-3C2C-B8ED-0CCF421741DD}.Release|x64.Build.0 = Release|x64
	EndGlobalSection
	GlobalSection(ExtensibilityGlobals) = postSolution
		SolutionGuid = {94289F7D-6451-306E-A1C3-9804F2E26E63}
	EndGlobalSection
	GlobalSection(ExtensibilityAddIns) = postSolution
	EndGlobalSection
EndGlobal
